
Microsoft Visual Studio Solution File, Format Version 12.00
# Visual Studio 14
VisualStudioVersion = 14.0.25420.1
MinimumVisualStudioVersion = 10.0.40219.1
Project("{FAE04EC0-301F-11D3-BF4B-00C04F79EFBC}") = "Test1.Console", "Test1.Console\Test1.Console.csproj", "{3FED9639-819D-4D21-9E0F-01579EE6673B}"
EndProject
Global
	GlobalSection(SolutionConfigurationPlatforms) = preSolution
		Debug|Any CPU = Debug|Any CPU
		Release|Any CPU = Release|Any CPU
	EndGlobalSection
	GlobalSection(ProjectConfigurationPlatforms) = postSolution
		{3FED9639-819D-4D21-9E0F-01579EE6673B}.Debug|Any CPU.ActiveCfg = Debug|Any CPU
		{3FED9639-819D-4D21-9E0F-01579EE6673B}.Debug|Any CPU.Build.0 = Debug|Any CPU
		{3FED9639-819D-4D21-9E0F-01579EE6673B}.Release|Any CPU.ActiveCfg = Release|Any CPU
		{3FED9639-819D-4D21-9E0F-01579EE6673B}.Release|Any CPU.Build.0 = Release|Any CPU
	EndGlobalSection
	GlobalSection(SolutionProperties) = preSolution
		HideSolutionNode = FALSE
	EndGlobalSection
EndGlobal
